Microsoft Visual Studio Solution File, Format Version 12.00
# Visual Studio Version 18
VisualStudioVersion = 18.9.12120.119 stable
MinimumVisualStudioVersion = 10.0.40219.1
Project("{FAE04EC0-301F-11D3-BF4B-00C04F79EFBC}") = "MatchdayApi", "MatchdayApi\MatchdayApi.csproj", "{8F3C1A2B-4D5E-4F6A-9B7C-1D2E3F4A5B6C}"
EndProject
Project("{FAE04EC0-301F-11D3-BF4B-00C04F79EFBC}") = "MatchdayApi.Tests", "MatchdayApi.Tests\MatchdayApi.Tests.csproj", "{F0B03C76-752D-0F25-1DEF-55A1A760444B}"
EndProject
Global
	GlobalSection(SolutionConfigurationPlatforms) = preSolution
		Debug|Any CPU = Debug|Any CPU
		Release|Any CPU = Release|Any CPU
	EndGlobalSection
	GlobalSection(ProjectConfigurationPlatforms) = postSolution
		{8F3C1A2B-4D5E-4F6A-9B7C-1D2E3F4A5B6C}.Debug|Any CPU.ActiveCfg = Debug|Any CPU
		{8F3C1A2B-4D5E-4F6A-9B7C-1D2E3F4A5B6C}.Debug|Any CPU.Build.0 = Debug|Any CPU
		{8F3C1A2B-4D5E-4F6A-9B7C-1D2E3F4A5B6C}.Release|Any CPU.ActiveCfg = Release|Any CPU
		{8F3C1A2B-4D5E-4F6A-9B7C-1D2E3F4A5B6C}.Release|Any CPU.Build.0 = Release|Any CPU
		{F0B03C76-752D-0F25-1DEF-55A1A760444B}.Debug|Any CPU.ActiveCfg = Debug|Any CPU
		{F0B03C76-752D-0F25-1DEF-55A1A760444B}.Debug|Any CPU.Build.0 = Debug|Any CPU
		{F0B03C76-752D-0F25-1DEF-55A1A760444B}.Release|Any CPU.ActiveCfg = Release|Any CPU
		{F0B03C76-752D-0F25-1DEF-55A1A760444B}.Release|Any CPU.Build.0 = Release|Any CPU
	EndGlobalSection
	GlobalSection(SolutionProperties) = preSolution
		HideSolutionNode = FALSE
	EndGlobalSection
EndGlobal
